
Microsoft Visual Studio Solution File, Format Version 12.00
# Visual Studio Version 17
VisualStudioVersion = 17.12.35527.113 d17.12
MinimumVisualStudioVersion = 10.0.40219.1
Project("{FAE04EC0-301F-11D3-BF4B-00C04F79EFBC}") = "TaskManagementAPI", "TaskManagementAPI.csproj", "{F17F446D-6321-4ADD-A431-11E6A8685F5F}"
EndProject
Project("{FAE04EC0-301F-11D3-BF4B-00C04F79EFBC}") = "TaskManagerTests", "..\TaskManagerTests\TaskManagerTests.csproj", "{F3EAB16F-0478-4BE6-83FB-A6A62B5C0190}"
EndProject
Global
	GlobalSection(SolutionConfigurationPlatforms) = preSolution
		Debug|Any CPU = Debug|Any CPU
		Release|Any CPU = Release|Any CPU
	EndGlobalSection
	GlobalSection(ProjectConfigurationPlatforms) = postSolution
		{F17F446D-6321-4ADD-A431-11E6A8685F5F}.Debug|Any CPU.ActiveCfg = Debug|Any CPU
		{F17F446D-6321-4ADD-A431-11E6A8685F5F}.Debug|Any CPU.Build.0 = Debug|Any CPU
		{F17F446D-6321-4ADD-A431-11E6A8685F5F}.Release|Any CPU.ActiveCfg = Release|Any CPU
		{F17F446D-6321-4ADD-A431-11E6A8685F5F}.Release|Any CPU.Build.0 = Release|Any CPU
		{F3EAB16F-0478-4BE6-83FB-A6A62B5C0190}.Debug|Any CPU.ActiveCfg = Debug|Any CPU
		{F3EAB16F-0478-4BE6-83FB-A6A62B5C0190}.Debug|Any CPU.Build.0 = Debug|Any CPU
		{F3EAB16F-0478-4BE6-83FB-A6A62B5C0190}.Release|Any CPU.ActiveCfg = Release|Any CPU
		{F3EAB16F-0478-4BE6-83FB-A6A62B5C0190}.Release|Any CPU.Build.0 = Release|Any CPU
	EndGlobalSection
	GlobalSection(SolutionProperties) = preSolution
		HideSolutionNode = FALSE
	EndGlobalSection
EndGlobal
